
Microsoft Visual Studio Solution File, Format Version 11.00
# Visual Studio 2010
Project("{FAE04EC0-301F-11D3-BF4B-00C04F79EFBC}") = "SintecromNet", "SintecromNet.csproj", "{949F306A-0078-41A9-A2B8-A53921478712}"
EndProject
Global
	GlobalSection(SolutionConfigurationPlatforms) = preSolution
		Debug|Any CPU = Debug|Any CPU
		Release|Any CPU = Release|Any CPU
	EndGlobalSection
	GlobalSection(ProjectConfigurationPlatforms) = postSolution
		{949F306A-0078-41A9-A2B8-A53921478712}.Debug|Any CPU.ActiveCfg = Debug|Any CPU
		{949F306A-0078-41A9-A2B8-A53921478712}.Debug|Any CPU.Build.0 = Debug|Any CPU
		{949F306A-0078-41A9-A2B8-A53921478712}.Release|Any CPU.ActiveCfg = Release|Any CPU
		{949F306A-0078-41A9-A2B8-A53921478712}.Release|Any CPU.Build.0 = Release|Any CPU
	EndGlobalSection
	GlobalSection(SolutionProperties) = preSolution
		HideSolutionNode = FALSE
	EndGlobalSection
EndGlobal
